# This file is automatically @generated by Poetry 2.4.1 and should not be changed by hand.

[[package]]
name = "appdirs"
version = "1.4.4"
description = "A small Python module for determining appropriate platform-specific dirs, e.g. a \"user data dir\"."
optional = false
python-versions = "*"
groups = ["main"]
files = [
    {file = "appdirs-1.4.4-py2.py3-none-any.whl", hash = "sha256:a841dacd6b99318a741b166adb07e19ee71a274450e68237b4650ca1055ab128"},
    {file = "appdirs-1.4.4.tar.gz", hash = "sha256:7d5d0167b2b1ba821647616af46a749d1c653740dd0d2415100fe26e27afdf41"},
]

[[package]]
name = "deltabot-cli"
version = "8.1.1"
description = "Library to speedup Delta Chat bot development"
optional = false
python-versions = ">=3.10"
groups = ["main"]
files = [
    {file = "deltabot_cli-8.1.1-py3-none-any.whl", hash = "sha256:eabeb03edb378d5be2367a4abc2d1b097472f81cb0a79fba4217be6cfcca7785"},
    {file = "deltabot_cli-8.1.1.tar.gz", hash = "sha256:e8b0e656cdf69f413235cb8c6343431194bcd4d6cf4033f00673cfa716387f4d"},
]

[package.dependencies]
appdirs = ">=1.4.4"
deltachat2 = {version = ">=0.10.0", extras = ["full"]}
rich = ">=12.6.0"

[package.extras]
dev = ["black", "isort", "prospector[with-mypy]"]

[[package]]
name = "deltachat-rpc-server"
version = "2.51.0"
description = "Delta Chat JSON-RPC server"
optional = false
python-versions = "*"
groups = ["main"]
files = [
    {file = "deltachat_rpc_server-2.51.0-py3-none-android_21_arm64_v8a.whl", hash = "sha256:84e35285eb7329df1ed7368892748dcd730dd9ad8fc67868aa7dff5857cdef92"},
    {file = "deltachat_rpc_server-2.51.0-py3-none-android_21_armeabi_v7a.whl", hash = "sha256:b9c090fb475aa6b7077a367053a93a6d5ec69a5294fd3b8050d4097bfe3bb0aa"},
    {file = "deltachat_rpc_server-2.51.0-py3-none-linux_armv6l.whl", hash = "sha256:caf063b714a1653afa998daeca487d1be0c702d419b935fd82537a5967870a99"},
    {file = "deltachat_rpc_server-2.51.0-py3-none-linux_armv7l.manylinux_2_17_armv7l.manylinux2014_armv7l.musllinux_1_1_armv7l.whl", hash = "sha256:289a9770c661e3039f4d77c8249446639fe93f38122a8037eb391c2671fa07fd"},
    {file = "deltachat_rpc_server-2.51.0-py3-none-macosx_10_7_x86_64.whl", hash = "sha256:1da0935d541614469d38db0a0348adf5187bce1e4421e2e6f55b7d7c5b4aaa8a"},
    {file = "deltachat_rpc_server-2.51.0-py3-none-macosx_11_0_arm64.whl", hash = "sha256:0f502d4220761b2f6659fecce5be1cdb05e6d0f14acefd183abb05ba45bfbae4"},
    {file = "deltachat_rpc_server-2.51.0-py3-none-manylinux_2_12_i686.manylinux2010_i686.musllinux_1_1_i686.whl", hash = "sha256:979be5417abaeaeaf96ed66a9e2d0d32a625b69793f49cbe4538838e5fc41865"},
    {file = "deltachat_rpc_server-2.51.0-py3-none-manylinux_2_17_aarch64.manylinux2014_aarch64.musllinux_1_1_aarch64.whl", hash = "sha256:aa0f60e089a624da47437cebd026d6aa2789477e9320036f0e85908cdac62e49"},
    {file = "deltachat_rpc_server-2.51.0-py3-none-manylinux_2_17_x86_64.manylinux2014_x86_64.musllinux_1_1_x86_64.whl", hash = "sha256:01cac4b9b096902faa046b999f0e76eddb139277241f3053f2431d323d6eeba8"},
    {file = "deltachat_rpc_server-2.51.0-py3-none-win32.whl", hash = "sha256:7207cd9c1c19c6d4d85e3582b7f64abc130641afacef95c820335aa8b6618f4a"},
    {file = "deltachat_rpc_server-2.51.0-py3-none-win_amd64.whl", hash = "sha256:0161885883e1adbe68e9d51d213dafe9013c23fd53d71a08f12ef9907f9e1da2"},
]

[[package]]
name = "deltachat2"
version = "0.10.0"
description = "Client library for Delta Chat core JSON-RPC interface"
optional = false
python-versions = ">=3.10"
groups = ["main"]
files = [
    {file = "deltachat2-0.10.0-py3-none-any.whl", hash = "sha256:b20ff04b295ddebd981bb9be9185868ce5448c83b0ddfb064bef77706a3dbd45"},
    {file = "deltachat2-0.10.0.tar.gz", hash = "sha256:b27f2f46cfb378b276a530f7f8eb475aa113339d2136825539332823cbb5a389"},
]

[package.dependencies]
deltachat-rpc-server = {version = ">=2.49.0", optional = true, markers = "extra == \"full\""}

[package.extras]
dev = ["black", "deltachat-rpc-server", "isort", "prospector[with-mypy]"]
full = ["deltachat-rpc-server (>=2.49.0)"]

[[package]]
name = "markdown-it-py"
version = "4.2.0"
description = "Python port of markdown-it. Markdown parsing, done right!"
optional = false
python-versions = ">=3.10"
groups = ["main"]
files = [
    {file = "markdown_it_py-4.2.0-py3-none-any.whl", hash = "sha256:9f7ebbcd14fe59494226453aed97c1070d83f8d24b6fc3a3bcf9a38092641c4a"},
    {file = "markdown_it_py-4.2.0.tar.gz", hash = "sha256:04a21681d6fbb623de53f6f364d352309d4094dd4194040a10fd51833e418d49"},
]

[package.dependencies]
mdurl = ">=0.1,<1.0"

[package.extras]
benchmarking = ["psutil", "pytest", "pytest-benchmark"]
compare = ["commonmark (>=0.9,<1.0)", "markdown (>=3.4,<4.0)", "markdown-it-pyrs", "mistletoe (>=1.0,<2.0)", "mistune (>=3.0,<4.0)", "panflute (>=2.3,<3.0)"]
linkify = ["linkify-it-py (>=1,<3)"]
plugins = ["mdit-py-plugins (>=0.5.0)"]
profiling = ["gprof2dot"]
rtd = ["ipykernel", "jupyter_sphinx", "mdit-py-plugins (>=0.5.0)", "myst-parser", "pyyaml", "sphinx", "sphinx-book-theme (>=1.0,<2.0)", "sphinx-copybutton", "sphinx-design"]
testing = ["coverage", "pytest", "pytest-cov", "pytest-regressions", "pytest-timeout", "requests"]

[[package]]
name = "mdurl"
version = "0.1.2"
description = "Markdown URL utilities"
optional = false
python-versions = ">=3.7"
groups = ["main"]
files = [
    {file = "mdurl-0.1.2-py3-none-any.whl", hash = "sha256:84008a41e51615a49fc9966191ff91509e3c40b939176e643fd50a5c2196b8f8"},
    {file = "mdurl-0.1.2.tar.gz", hash = "sha256:bb413d29f5eea38f31dd4754dd7377d4465116fb207585f97bf925588687c1ba"},
]

[[package]]
name = "pygments"
version = "2.20.0"
description = "Pygments is a syntax highlighting package written in Python."
optional = false
python-versions = ">=3.9"
groups = ["main"]
files = [
    {file = "pygments-2.20.0-py3-none-any.whl", hash = "sha256:81a9e26dd42fd28a23a2d169d86d7ac03b46e2f8b59ed4698fb4785f946d0176"},
    {file = "pygments-2.20.0.tar.gz", hash = "sha256:6757cd03768053ff99f3039c1a36d6c0aa0b263438fcab17520b30a303a82b5f"},
]

[package.extras]
windows-terminal = ["colorama (>=0.4.6)"]

[[package]]
name = "rich"
version = "15.0.0"
description = "Render rich text, tables, progress bars, syntax highlighting, markdown and more to the terminal"
optional = false
python-versions = ">=3.9.0"
groups = ["main"]
files = [
    {file = "rich-15.0.0-py3-none-any.whl", hash = "sha256:33bd4ef74232fb73fe9279a257718407f169c09b78a87ad3d296f548e27de0bb"},
    {file = "rich-15.0.0.tar.gz", hash = "sha256:edd07a4824c6b40189fb7ac9bc4c52536e9780fbbfbddf6f1e2502c31b068c36"},
]

[package.dependencies]
markdown-it-py = ">=2.2.0"
pygments = ">=2.13.0,<3.0.0"

[package.extras]
jupyter = ["ipywidgets (>=7.5.1,<9)"]

[metadata]
lock-version = "2.1"
python-versions = ">=3.13"
content-hash = "b87e69747ebb48c76098552f048c7c247ee99d46ae911b75aa373702781ebf8b"
